
Microsoft Visual Studio Solution File, Format Version 12.00
# Visual Studio Version 16
VisualStudioVersion = 16.0.29411.108
MinimumVisualStudioVersion = 10.0.40219.1
Project("{9A19103F-16F7-4668-BE54-9A1E7A4F7556}") = "clog", "src\clog\clog.csproj", "{C35AA43B-DC28-4E5B-8414-176DAB5AB2C7}"
EndProject
Project("{9A19103F-16F7-4668-BE54-9A1E7A4F7556}") = "clogutils", "src\clogutils\clogutils.csproj", "{076A3AA5-DEB6-45AB-B834-5416178BAF44}"
EndProject
Project("{2150E333-8FDC-42A3-9474-1A3956D46DE8}") = "clog2text", "src\clog2text", "{C05DAADF-AA11-4B93-A0B9-CCA2849A6A06}"
EndProject
Project("{9A19103F-16F7-4668-BE54-9A1E7A4F7556}") = "clog2text_lttng", "src\clog2text\clog2text_lttng\clog2text_lttng.csproj", "{B683F6AC-DEC3-4AFC-B156-77F303EE2986}"
EndProject
Project("{9A19103F-16F7-4668-BE54-9A1E7A4F7556}") = "clog2text_windows", "src\clog2text\clog2text_windows\clog2text_windows.csproj", "{1ACE842F-1CA7-49E8-8E43-2C33EAF7E170}"
EndProject
Project("{9A19103F-16F7-4668-BE54-9A1E7A4F7556}") = "decoderTest", "src\decoderTest\decoderTest.csproj", "{A2079B4E-FF96-4DE5-80E8-8403A17C4347}"
EndProject
Project("{2150E333-8FDC-42A3-9474-1A3956D46DE8}") = "converters", "src\converters", "{FE0B277E-B292-4FF2-8C69-15EECC1A3787}"
EndProject
Project("{9A19103F-16F7-4668-BE54-9A1E7A4F7556}") = "syslog2clog", "src\converters\syslog2clog\syslog2clog.csproj", "{E1FA7999-5C45-46B1-9E83-5467264F928E}"
EndProject
Global
	GlobalSection(SolutionConfigurationPlatforms) = preSolution
		Debug|Any CPU = Debug|Any CPU
		Debug|x64 = Debug|x64
		Release|Any CPU = Release|Any CPU
		Release|x64 = Release|x64
	EndGlobalSection
	GlobalSection(ProjectConfigurationPlatforms) = postSolution
		{C35AA43B-DC28-4E5B-8414-176DAB5AB2C7}.Debug|Any CPU.ActiveCfg = Debug|Any CPU
		{C35AA43B-DC28-4E5B-8414-176DAB5AB2C7}.Debug|Any CPU.Build.0 = Debug|Any CPU
		{C35AA43B-DC28-4E5B-8414-176DAB5AB2C7}.Debug|x64.ActiveCfg = Debug|Any CPU
		{C35AA43B-DC28-4E5B-8414-176DAB5AB2C7}.Debug|x64.Build.0 = Debug|Any CPU
		{C35AA43B-DC28-4E5B-8414-176DAB5AB2C7}.Release|Any CPU.ActiveCfg = Release|Any CPU
		{C35AA43B-DC28-4E5B-8414-176DAB5AB2C7}.Release|Any CPU.Build.0 = Release|Any CPU
		{C35AA43B-DC28-4E5B-8414-176DAB5AB2C7}.Release|x64.ActiveCfg = Release|Any CPU
		{C35AA43B-DC28-4E5B-8414-176DAB5AB2C7}.Release|x64.Build.0 = Release|Any CPU
		{076A3AA5-DEB6-45AB-B834-5416178BAF44}.Debug|Any CPU.ActiveCfg = Debug|Any CPU
		{076A3AA5-DEB6-45AB-B834-5416178BAF44}.Debug|Any CPU.Build.0 = Debug|Any CPU
		{076A3AA5-DEB6-45AB-B834-5416178BAF44}.Debug|x64.ActiveCfg = Debug|Any CPU
		{076A3AA5-DEB6-45AB-B834-5416178BAF44}.Debug|x64.Build.0 = Debug|Any CPU
		{076A3AA5-DEB6-45AB-B834-5416178BAF44}.Release|Any CPU.ActiveCfg = Release|Any CPU
		{076A3AA5-DEB6-45AB-B834-5416178BAF44}.Release|Any CPU.Build.0 = Release|Any CPU
		{076A3AA5-DEB6-45AB-B834-5416178BAF44}.Release|x64.ActiveCfg = Release|Any CPU
		{076A3AA5-DEB6-45AB-B834-5416178BAF44}.Release|x64.Build.0 = Release|Any CPU
		{B683F6AC-DEC3-4AFC-B156-77F303EE2986}.Debug|Any CPU.ActiveCfg = Debug|Any CPU
		{B683F6AC-DEC3-4AFC-B156-77F303EE2986}.Debug|Any CPU.Build.0 = Debug|Any CPU
		{B683F6AC-DEC3-4AFC-B156-77F303EE2986}.Debug|x64.ActiveCfg = Debug|Any CPU
		{B683F6AC-DEC3-4AFC-B156-77F303EE2986}.Debug|x64.Build.0 = Debug|Any CPU
		{B683F6AC-DEC3-4AFC-B156-77F303EE2986}.Release|Any CPU.ActiveCfg = Release|Any CPU
		{B683F6AC-DEC3-4AFC-B156-77F303EE2986}.Release|Any CPU.Build.0 = Release|Any CPU
		{B683F6AC-DEC3-4AFC-B156-77F303EE2986}.Release|x64.ActiveCfg = Release|Any CPU
		{B683F6AC-DEC3-4AFC-B156-77F303EE2986}.Release|x64.Build.0 = Release|Any CPU
		{1ACE842F-1CA7-49E8-8E43-2C33EAF7E170}.Debug|Any CPU.ActiveCfg = Debug|Any CPU
		{1ACE842F-1CA7-49E8-8E43-2C33EAF7E170}.Debug|Any CPU.Build.0 = Debug|Any CPU
		{1ACE842F-1CA7-49E8-8E43-2C33EAF7E170}.Debug|x64.ActiveCfg = Debug|Any CPU
		{1ACE842F-1CA7-49E8-8E43-2C33EAF7E170}.Debug|x64.Build.0 = Debug|Any CPU
		{1ACE842F-1CA7-49E8-8E43-2C33EAF7E170}.Release|Any CPU.ActiveCfg = Release|Any CPU
		{1ACE842F-1CA7-49E8-8E43-2C33EAF7E170}.Release|Any CPU.Build.0 = Release|Any CPU
		{1ACE842F-1CA7-49E8-8E43-2C33EAF7E170}.Release|x64.ActiveCfg = Release|Any CPU
		{1ACE842F-1CA7-49E8-8E43-2C33EAF7E170}.Release|x64.Build.0 = Release|Any CPU
		{A2079B4E-FF96-4DE5-80E8-8403A17C4347}.Debug|Any CPU.ActiveCfg = Debug|Any CPU
		{A2079B4E-FF96-4DE5-80E8-8403A17C4347}.Debug|Any CPU.Build.0 = Debug|Any CPU
		{A2079B4E-FF96-4DE5-80E8-8403A17C4347}.Debug|x64.ActiveCfg = Debug|Any CPU
		{A2079B4E-FF96-4DE5-80E8-8403A17C4347}.Debug|x64.Build.0 = Debug|Any CPU
		{A2079B4E-FF96-4DE5-80E8-8403A17C4347}.Release|Any CPU.ActiveCfg = Release|Any CPU
		{A2079B4E-FF96-4DE5-80E8-8403A17C4347}.Release|Any CPU.Build.0 = Release|Any CPU
		{A2079B4E-FF96-4DE5-80E8-8403A17C4347}.Release|x64.ActiveCfg = Release|Any CPU
		{A2079B4E-FF96-4DE5-80E8-8403A17C4347}.Release|x64.Build.0 = Release|Any CPU
		{E1FA7999-5C45-46B1-9E83-5467264F928E}.Debug|Any CPU.ActiveCfg = Debug|Any CPU
		{E1FA7999-5C45-46B1-9E83-5467264F928E}.Debug|Any CPU.Build.0 = Debug|Any CPU
		{E1FA7999-5C45-46B1-9E83-5467264F928E}.Debug|x64.ActiveCfg = Debug|Any CPU
		{E1FA7999-5C45-46B1-9E83-5467264F928E}.Debug|x64.Build.0 = Debug|Any CPU
		{E1FA7999-5C45-46B1-9E83-5467264F928E}.Release|Any CPU.ActiveCfg = Release|Any CPU
		{E1FA7999-5C45-46B1-9E83-5467264F928E}.Release|Any CPU.Build.0 = Release|Any CPU
		{E1FA7999-5C45-46B1-9E83-5467264F928E}.Release|x64.ActiveCfg = Release|Any CPU
		{E1FA7999-5C45-46B1-9E83-5467264F928E}.Release|x64.Build.0 = Release|Any CPU
	EndGlobalSection
	GlobalSection(SolutionProperties) = preSolution
		HideSolutionNode = FALSE
	EndGlobalSection
	GlobalSection(NestedProjects) = preSolution
		{B683F6AC-DEC3-4AFC-B156-77F303EE2986} = {C05DAADF-AA11-4B93-A0B9-CCA2849A6A06}
		{1ACE842F-1CA7-49E8-8E43-2C33EAF7E170} = {C05DAADF-AA11-4B93-A0B9-CCA2849A6A06}
		{E1FA7999-5C45-46B1-9E83-5467264F928E} = {FE0B277E-B292-4FF2-8C69-15EECC1A3787}
	EndGlobalSection
	GlobalSection(ExtensibilityGlobals) = postSolution
		SolutionGuid = {923EC79F-9700-466D-8668-106D7BDECF0D}
	EndGlobalSection
EndGlobal
