
Microsoft Visual Studio Solution File, Format Version 12.00
# Visual Studio Version 16
VisualStudioVersion = 16.0.29411.108
MinimumVisualStudioVersion = 10.0.40219.1
Project("{9A19103F-16F7-4668-BE54-9A1E7A4F7556}") = "clog", "..\clog\clog.csproj", "{C35AA43B-DC28-4E5B-8414-176DAB5AB2C7}"
EndProject
Project("{9A19103F-16F7-4668-BE54-9A1E7A4F7556}") = "wpp2clog", "..\wpp2clog\wpp2clog.csproj", "{30A5BB2C-CA2D-4DDC-BBC8-EFA259929197}"
EndProject
Project("{9A19103F-16F7-4668-BE54-9A1E7A4F7556}") = "clogutils", "..\clogutils\clogutils.csproj", "{076A3AA5-DEB6-45AB-B834-5416178BAF44}"
EndProject
Project("{2150E333-8FDC-42A3-9474-1A3956D46DE8}") = "clog2text", "clog2text", "{C05DAADF-AA11-4B93-A0B9-CCA2849A6A06}"
EndProject
Project("{9A19103F-16F7-4668-BE54-9A1E7A4F7556}") = "clog2text_lttng", "..\clog2text\clog2text_lttng\clog2text_lttng.csproj", "{B683F6AC-DEC3-4AFC-B156-77F303EE2986}"
EndProject
Project("{9A19103F-16F7-4668-BE54-9A1E7A4F7556}") = "quic2clog", "..\quic2clog\quic2clog.csproj", "{3D515EB3-0561-4E6E-BE62-C6E34134F9BD}"
EndProject
Global
	GlobalSection(SolutionConfigurationPlatforms) = preSolution
		Debug|Any CPU = Debug|Any CPU
		Debug|x64 = Debug|x64
		Release|Any CPU = Release|Any CPU
		Release|x64 = Release|x64
	EndGlobalSection
	GlobalSection(ProjectConfigurationPlatforms) = postSolution
		{C35AA43B-DC28-4E5B-8414-176DAB5AB2C7}.Debug|Any CPU.ActiveCfg = Debug|Any CPU
		{C35AA43B-DC28-4E5B-8414-176DAB5AB2C7}.Debug|Any CPU.Build.0 = Debug|Any CPU
		{C35AA43B-DC28-4E5B-8414-176DAB5AB2C7}.Debug|x64.ActiveCfg = Debug|Any CPU
		{C35AA43B-DC28-4E5B-8414-176DAB5AB2C7}.Debug|x64.Build.0 = Debug|Any CPU
		{C35AA43B-DC28-4E5B-8414-176DAB5AB2C7}.Release|Any CPU.ActiveCfg = Release|Any CPU
		{C35AA43B-DC28-4E5B-8414-176DAB5AB2C7}.Release|Any CPU.Build.0 = Release|Any CPU
		{C35AA43B-DC28-4E5B-8414-176DAB5AB2C7}.Release|x64.ActiveCfg = Release|Any CPU
		{C35AA43B-DC28-4E5B-8414-176DAB5AB2C7}.Release|x64.Build.0 = Release|Any CPU
		{30A5BB2C-CA2D-4DDC-BBC8-EFA259929197}.Debug|Any CPU.ActiveCfg = Debug|Any CPU
		{30A5BB2C-CA2D-4DDC-BBC8-EFA259929197}.Debug|Any CPU.Build.0 = Debug|Any CPU
		{30A5BB2C-CA2D-4DDC-BBC8-EFA259929197}.Debug|x64.ActiveCfg = Debug|Any CPU
		{30A5BB2C-CA2D-4DDC-BBC8-EFA259929197}.Debug|x64.Build.0 = Debug|Any CPU
		{30A5BB2C-CA2D-4DDC-BBC8-EFA259929197}.Release|Any CPU.ActiveCfg = Release|Any CPU
		{30A5BB2C-CA2D-4DDC-BBC8-EFA259929197}.Release|Any CPU.Build.0 = Release|Any CPU
		{30A5BB2C-CA2D-4DDC-BBC8-EFA259929197}.Release|x64.ActiveCfg = Release|Any CPU
		{30A5BB2C-CA2D-4DDC-BBC8-EFA259929197}.Release|x64.Build.0 = Release|Any CPU
		{076A3AA5-DEB6-45AB-B834-5416178BAF44}.Debug|Any CPU.ActiveCfg = Debug|Any CPU
		{076A3AA5-DEB6-45AB-B834-5416178BAF44}.Debug|Any CPU.Build.0 = Debug|Any CPU
		{076A3AA5-DEB6-45AB-B834-5416178BAF44}.Debug|x64.ActiveCfg = Debug|Any CPU
		{076A3AA5-DEB6-45AB-B834-5416178BAF44}.Debug|x64.Build.0 = Debug|Any CPU
		{076A3AA5-DEB6-45AB-B834-5416178BAF44}.Release|Any CPU.ActiveCfg = Release|Any CPU
		{076A3AA5-DEB6-45AB-B834-5416178BAF44}.Release|Any CPU.Build.0 = Release|Any CPU
		{076A3AA5-DEB6-45AB-B834-5416178BAF44}.Release|x64.ActiveCfg = Release|Any CPU
		{076A3AA5-DEB6-45AB-B834-5416178BAF44}.Release|x64.Build.0 = Release|Any CPU
		{B683F6AC-DEC3-4AFC-B156-77F303EE2986}.Debug|Any CPU.ActiveCfg = Debug|Any CPU
		{B683F6AC-DEC3-4AFC-B156-77F303EE2986}.Debug|Any CPU.Build.0 = Debug|Any CPU
		{B683F6AC-DEC3-4AFC-B156-77F303EE2986}.Debug|x64.ActiveCfg = Debug|Any CPU
		{B683F6AC-DEC3-4AFC-B156-77F303EE2986}.Debug|x64.Build.0 = Debug|Any CPU
		{B683F6AC-DEC3-4AFC-B156-77F303EE2986}.Release|Any CPU.ActiveCfg = Release|Any CPU
		{B683F6AC-DEC3-4AFC-B156-77F303EE2986}.Release|Any CPU.Build.0 = Release|Any CPU
		{B683F6AC-DEC3-4AFC-B156-77F303EE2986}.Release|x64.ActiveCfg = Release|Any CPU
		{B683F6AC-DEC3-4AFC-B156-77F303EE2986}.Release|x64.Build.0 = Release|Any CPU
		{3D515EB3-0561-4E6E-BE62-C6E34134F9BD}.Debug|Any CPU.ActiveCfg = Debug|Any CPU
		{3D515EB3-0561-4E6E-BE62-C6E34134F9BD}.Debug|Any CPU.Build.0 = Debug|Any CPU
		{3D515EB3-0561-4E6E-BE62-C6E34134F9BD}.Debug|x64.ActiveCfg = Debug|Any CPU
		{3D515EB3-0561-4E6E-BE62-C6E34134F9BD}.Debug|x64.Build.0 = Debug|Any CPU
		{3D515EB3-0561-4E6E-BE62-C6E34134F9BD}.Release|Any CPU.ActiveCfg = Release|Any CPU
		{3D515EB3-0561-4E6E-BE62-C6E34134F9BD}.Release|Any CPU.Build.0 = Release|Any CPU
		{3D515EB3-0561-4E6E-BE62-C6E34134F9BD}.Release|x64.ActiveCfg = Release|Any CPU
		{3D515EB3-0561-4E6E-BE62-C6E34134F9BD}.Release|x64.Build.0 = Release|Any CPU
	EndGlobalSection
	GlobalSection(SolutionProperties) = preSolution
		HideSolutionNode = FALSE
	EndGlobalSection
	GlobalSection(NestedProjects) = preSolution
		{B683F6AC-DEC3-4AFC-B156-77F303EE2986} = {C05DAADF-AA11-4B93-A0B9-CCA2849A6A06}
	EndGlobalSection
	GlobalSection(ExtensibilityGlobals) = postSolution
		SolutionGuid = {923EC79F-9700-466D-8668-106D7BDECF0D}
	EndGlobalSection
EndGlobal
